{
    "_readme": [
        "This file locks the dependencies of your project to a known state",
        "Read more about it at https://getcomposer.org/doc/01-basic-usage.md#installing-dependencies",
        "This file is @generated automatically"
    ],
    "content-hash": "a1aca8576766c0fba9ae6c812691974f",
    "packages": [
        {
            "name": "pimple/pimple",
            "version": "v3.4.0",
            "source": {
                "type": "git",
                "url": "https://github.com/silexphp/Pimple.git",
                "reference": "86406047271859ffc13424a048541f4531f53601"
            },
            "dist": {
                "type": "zip",
                "url": "https://api.github.com/repos/silexphp/Pimple/zipball/86406047271859ffc13424a048541f4531f53601",
                "reference": "86406047271859ffc13424a048541f4531f53601",
                "shasum": ""
            },
            "require": {
                "php": ">=7.2.5",
                "psr/container": "^1.1"
            },
            "require-dev": {
                "symfony/phpunit-bridge": "^5.0"
            },
            "type": "library",
            "extra": {
                "branch-alias": {
                    "dev-master": "3.4.x-dev"
                }
            },
            "autoload": {
                "psr-0": {
                    "Pimple": "src/"
                }
            },
            "notification-url": "https://packagist.org/downloads/",
            "license": [
                "MIT"
            ],
            "authors": [
                {
                    "name": "Fabien Potencier",
                    "email": "fabien@symfony.com"
                }
            ],
            "description": "Pimple, a simple Dependency Injection Container",
            "homepage": "https://pimple.symfony.com",
            "keywords": [
                "container",
                "dependency injection"
            ],
            "support": {
                "source": "https://github.com/silexphp/Pimple/tree/v3.4.0"
            },
            "time": "2021-03-06T08:28:00+00:00"
        },
        {
            "name": "psr/container",
            "version": "1.1.1",
            "source": {
                "type": "git",
                "url": "https://github.com/php-fig/container.git",
                "reference": "8622567409010282b7aeebe4bb841fe98b58dcaf"
            },
            "dist": {
                "type": "zip",
                "url": "https://api.github.com/repos/php-fig/container/zipball/8622567409010282b7aeebe4bb841fe98b58dcaf",
                "reference": "8622567409010282b7aeebe4bb841fe98b58dcaf",
                "shasum": ""
            },
            "require": {
                "php": ">=7.2.0"
            },
            "type": "library",
            "autoload": {
                "psr-4": {
                    "Psr\\Container\\": "src/"
                }
            },
            "notification-url": "https://packagist.org/downloads/",
            "license": [
                "MIT"
            ],
            "authors": [
                {
                    "name": "PHP-FIG",
                    "homepage": "https://www.php-fig.org/"
                }
            ],
            "description": "Common Container Interface (PHP FIG PSR-11)",
            "homepage": "https://github.com/php-fig/container",
            "keywords": [
                "PSR-11",
                "container",
                "container-interface",
                "container-interop",
                "psr"
            ],
            "support": {
                "issues": "https://github.com/php-fig/container/issues",
                "source": "https://github.com/php-fig/container/tree/1.1.1"
            },
            "time": "2021-03-05T17:36:06+00:00"
        },
        {
            "name": "publishpress/wordpress-version-notices",
            "version": "1.1.2",
            "source": {
                "type": "git",
                "url": "https://github.com/publishpress/WordPress-Version-Notices.git",
                "reference": "b710c9d4ddf15384546d2f2209554bfdb10c5339"
            },
            "dist": {
                "type": "zip",
                "url": "https://api.github.com/repos/publishpress/WordPress-Version-Notices/zipball/b710c9d4ddf15384546d2f2209554bfdb10c5339",
                "reference": "b710c9d4ddf15384546d2f2209554bfdb10c5339",
                "shasum": ""
            },
            "require": {
                "php": ">=5.6.20",
                "pimple/pimple": "^3"
            },
            "require-dev": {
                "lucatume/wp-browser": "^2.4"
            },
            "type": "library",
            "autoload": {
                "psr-4": {
                    "PPVersionNotices\\": "src/"
                }
            },
            "notification-url": "https://packagist.org/downloads/",
            "license": [
                "GPL-3.0-or-later"
            ],
            "authors": [
                {
                    "name": "PublishPress",
                    "email": "help@publishpress.com",
                    "homepage": "https://publishpress.com",
                    "role": "Developer"
                }
            ],
            "description": "Library for displaying version notices for Pro plugins in WordPress.",
            "support": {
                "issues": "https://github.com/publishpress/WordPress-Version-Notices/issues",
                "source": "https://github.com/publishpress/WordPress-Version-Notices/tree/master"
            },
            "time": "2020-08-11T03:28:34+00:00"
        }
    ],
    "packages-dev": [],
    "aliases": [],
    "minimum-stability": "stable",
    "stability-flags": [],
    "prefer-stable": false,
    "prefer-lowest": false,
    "platform": [],
    "platform-dev": [],
    "plugin-api-version": "2.0.0"
}
