{
    "_readme": [
        "This file locks the dependencies of your project to a known state",
        "Read more about it at https://getcomposer.org/doc/01-basic-usage.md#installing-dependencies",
        "This file is @generated automatically"
    ],
    "content-hash": "5a8ceffb94fa3153db96a7aac19976d4",
    "packages": [
        {
            "name": "publishpress/bundled-translations",
            "version": "1.0.0",
            "source": {
                "type": "git",
                "url": "https://github.com/publishpress/library-bundled-translations.git",
                "reference": "e69381e8695fa8e6de3fc9c9d534a133ab856532"
            },
            "dist": {
                "type": "zip",
                "url": "https://api.github.com/repos/publishpress/library-bundled-translations/zipball/e69381e8695fa8e6de3fc9c9d534a133ab856532",
                "reference": "e69381e8695fa8e6de3fc9c9d534a133ab856532",
                "shasum": ""
            },
            "require": {
                "php": ">=7.2.5"
            },
            "require-dev": {
                "publishpress/dev-workspace": "^1.0",
                "publishpress/version-loader-generator": "^1.0"
            },
            "type": "library",
            "extra": {
                "generator": {
                    "src-dir": "core",
                    "lib-class-test": "class_exists('PublishPress\\BundledTranslations\\BundledTranslations')",
                    "action-register-priority": "-200",
                    "action-initialize-priority": "-190"
                }
            },
            "notification-url": "https://packagist.org/downloads/",
            "license": [
                "GPL-3.0-or-later"
            ],
            "authors": [
                {
                    "name": "PublishPress",
                    "email": "help@publishpress.com"
                }
            ],
            "description": "Forces WordPress plugins to use their bundled translations instead of global translations from wordpress.org.",
            "homepage": "http://publishpress.com/",
            "keywords": [
                "wordpress plugin"
            ],
            "support": {
                "issues": "https://github.com/publishpress/library-bundled-translations/issues",
                "source": "https://github.com/publishpress/library-bundled-translations/tree/v1.0.0"
            },
            "time": "2026-04-17T14:05:17+00:00"
        },
        {
            "name": "publishpress/instance-protection",
            "version": "v1.0.3",
            "source": {
                "type": "git",
                "url": "https://github.com/publishpress/library-instance-protection.git",
                "reference": "6a4e7038c95fac43264b1d61a5cdae2b1e3cc4ee"
            },
            "dist": {
                "type": "zip",
                "url": "https://api.github.com/repos/publishpress/library-instance-protection/zipball/6a4e7038c95fac43264b1d61a5cdae2b1e3cc4ee",
                "reference": "6a4e7038c95fac43264b1d61a5cdae2b1e3cc4ee",
                "shasum": ""
            },
            "require": {
                "php": ">=5.6.20"
            },
            "type": "library",
            "notification-url": "https://packagist.org/downloads/",
            "license": [
                "GPL-3.0-or-later"
            ],
            "authors": [
                {
                    "name": "PublishPress",
                    "email": "help@publishpress.com"
                }
            ],
            "description": "Library for protecting WordPress plugins to run twice.",
            "homepage": "http://publishpress.com/",
            "keywords": [
                "wordpress plugin"
            ],
            "support": {
                "issues": "https://github.com/publishpress/library-instance-protection/issues",
                "source": "https://github.com/publishpress/library-instance-protection/tree/v1.0.3"
            },
            "time": "2022-10-28T16:14:03+00:00"
        },
        {
            "name": "publishpress/wordpress-reviews",
            "version": "1.2.0",
            "source": {
                "type": "git",
                "url": "https://github.com/publishpress/library-wordpress-reviews.git",
                "reference": "6d1cf428aef5fc5f72c9368fbd7ce1f14d956503"
            },
            "dist": {
                "type": "zip",
                "url": "https://api.github.com/repos/publishpress/library-wordpress-reviews/zipball/6d1cf428aef5fc5f72c9368fbd7ce1f14d956503",
                "reference": "6d1cf428aef5fc5f72c9368fbd7ce1f14d956503",
                "shasum": ""
            },
            "require": {
                "php": ">=7.2"
            },
            "require-dev": {
                "automattic/vipwpcs": "^3",
                "brain/monkey": "^2.6",
                "friendsofphp/php-cs-fixer": "^3.49",
                "overtrue/phplint": "^9.1",
                "phpcompatibility/php-compatibility": "^9.3",
                "phpstan/phpstan": "^1.10",
                "phpunit/phpunit": "^8.5 || ^9.0",
                "publishpress/publishpress-phpcs-standards": "dev-main",
                "publishpress/translations": "^1.0.0",
                "squizlabs/php_codesniffer": "^3.8",
                "szepeviktor/phpstan-wordpress": "^1.3",
                "wp-coding-standards/wpcs": "^3"
            },
            "type": "library",
            "autoload": {
                "files": [
                    "ReviewsController.php"
                ]
            },
            "notification-url": "https://packagist.org/downloads/",
            "license": [
                "GPL-3.0-or-later"
            ],
            "authors": [
                {
                    "name": "PublishPress",
                    "email": "help@publishpress.com"
                },
                {
                    "name": "Daniel Iser",
                    "homepage": "https://github.com/danieliser/WP-Product-In-Dash-Review-Requests"
                }
            ],
            "description": "Library for showing a five-star review banner.",
            "homepage": "http://publishpress.com/",
            "keywords": [
                "review",
                "reviews",
                "wordpress plugin"
            ],
            "support": {
                "issues": "https://github.com/publishpress/library-wordpress-reviews/issues",
                "source": "https://github.com/publishpress/library-wordpress-reviews/tree/1.2.0"
            },
            "time": "2026-01-12T14:05:27+00:00"
        }
    ],
    "packages-dev": [],
    "aliases": [],
    "minimum-stability": "stable",
    "stability-flags": {},
    "prefer-stable": true,
    "prefer-lowest": false,
    "platform": {
        "php": ">=7.2.5"
    },
    "platform-dev": {},
    "plugin-api-version": "2.9.0"
}
